
Microsoft Visual Studio Solution File, Format Version 12.00
# Visual Studio Version 17
VisualStudioVersion = 17.13.35913.81 d17.13
MinimumVisualStudioVersion = 10.0.40219.1
Project("{FAE04EC0-301F-11D3-BF4B-00C04F79EFBC}") = "EvaProject", "EvaProject.csproj", "{76B005C2-B7FF-40FA-B91E-3EE4498795A8}"
EndProject
Global
	GlobalSection(SolutionConfigurationPlatforms) = preSolution
		Debug|Any CPU = Debug|Any CPU
		Release|Any CPU = Release|Any CPU
	EndGlobalSection
	GlobalSection(ProjectConfigurationPlatforms) = postSolution
		{76B005C2-B7FF-40FA-B91E-3EE4498795A8}.Debug|Any CPU.ActiveCfg = Debug|Any CPU
		{76B005C2-B7FF-40FA-B91E-3EE4498795A8}.Debug|Any CPU.Build.0 = Debug|Any CPU
		{76B005C2-B7FF-40FA-B91E-3EE4498795A8}.Release|Any CPU.ActiveCfg = Release|Any CPU
		{76B005C2-B7FF-40FA-B91E-3EE4498795A8}.Release|Any CPU.Build.0 = Release|Any CPU
	EndGlobalSection
	GlobalSection(SolutionProperties) = preSolution
		HideSolutionNode = FALSE
	EndGlobalSection
	GlobalSection(ExtensibilityGlobals) = postSolution
		SolutionGuid = {712DB24B-09DD-47C4-9D38-3590DD4263C6}
	EndGlobalSection
EndGlobal
